// !$*UTF8*$!
{
	archiveVersion = 1;
	classes = {
	};
	objectVersion = 46;
	objects = {

/* Begin PBXBuildFile section */
		949E83A715810803005A1250 /* main.cpp in Sources */ = {isa = PBXBuildFile; fileRef = 949E83A615810803005A1250 /* main.cpp */; };
		949E83B01581082D005A1250 /* UAV.cpp in Sources */ = {isa = PBXBuildFile; fileRef = 949E83AE1581082D005A1250 /* UAV.cpp */; };
/* End PBXBuildFile section */

/* Begin PBXCopyFilesBuildPhase section */
		949E83A015810803005A1250 /* CopyFiles */ = {
			isa = PBXCopyFilesBuildPhase;
			buildActionMask = 2147483647;
			dstPath = /usr/share/man/man1/;
			dstSubfolderSpec = 0;
			files = (
			);
			runOnlyForDeploymentPostprocessing = 1;
		};
/* End PBXCopyFilesBuildPhase section */

/* Begin PBXFileReference section */
		949E83A215810803005A1250 /* UAV_Aiolos */ = {isa = PBXFileReference; explicitFileType = "compiled.mach-o.executable"; includeInIndex = 0; path = UAV_Aiolos; sourceTree = BUILT_PRODUCTS_DIR; };
		949E83A615810803005A1250 /* main.cpp */ = {isa = PBXFileReference; lastKnownFileType = sourcecode.cpp.cpp; path = main.cpp; sourceTree = "<group>"; };
		949E83A815810803005A1250 /* UAV_Aiolos.1 */ = {isa = PBXFileReference; lastKnownFileType = text.man; path = UAV_Aiolos.1; sourceTree = "<group>"; };
		949E83AE1581082D005A1250 /* UAV.cpp */ = {isa = PBXFileReference; fileEncoding = 4; lastKnownFileType = sourcecode.cpp.cpp; path = UAV.cpp; sourceTree = "<group>"; };
		949E83AF1581082D005A1250 /* UAV.h */ = {isa = PBXFileReference; fileEncoding = 4; lastKnownFileType = sourcecode.c.h; path = UAV.h; sourceTree = "<group>"; };
/* End PBXFileReference section */

/* Begin PBXFrameworksBuildPhase section */
		949E839F15810803005A1250 /* Frameworks */ = {
			isa = PBXFrameworksBuildPhase;
			buildActionMask = 2147483647;
			files = (
			);
			runOnlyForDeploymentPostprocessing = 0;
		};
/* End PBXFrameworksBuildPhase section */

/* Begin PBXGroup section */
		949E839715810803005A1250 = {
			isa = PBXGroup;
			children = (
				949E83A515810803005A1250 /* UAV_Aiolos */,
				949E83A315810803005A1250 /* Products */,
			);
			sourceTree = "<group>";
		};
		949E83A315810803005A1250 /* Products */ = {
			isa = PBXGroup;
			children = (
				949E83A215810803005A1250 /* UAV_Aiolos */,
			);
			name = Products;
			sourceTree = "<group>";
		};
		949E83A515810803005A1250 /* UAV_Aiolos */ = {
			isa = PBXGroup;
			children = (
				949E83A615810803005A1250 /* main.cpp */,
				949E83AE1581082D005A1250 /* UAV.cpp */,
				949E83AF1581082D005A1250 /* UAV.h */,
				949E83A815810803005A1250 /* UAV_Aiolos.1 */,
			);
			path = UAV_Aiolos;
			sourceTree = "<group>";
		};
/* End PBXGroup section */

/* Begin PBXNativeTarget section */
		949E83A115810803005A1250 /* UAV_Aiolos */ = {
			isa = PBXNativeTarget;
			buildConfigurationList = 949E83AB15810803005A1250 /* Build configuration list for PBXNativeTarget "UAV_Aiolos" */;
			buildPhases = (
				949E839E15810803005A1250 /* Sources */,
				949E839F15810803005A1250 /* Frameworks */,
				949E83A015810803005A1250 /* CopyFiles */,
			);
			buildRules = (
			);
			dependencies = (
			);
			name = UAV_Aiolos;
			productName = UAV_Aiolos;
			productReference = 949E83A215810803005A1250 /* UAV_Aiolos */;
			productType = "com.apple.product-type.tool";
		};
/* End PBXNativeTarget section */

/* Begin PBXProject section */
		949E839915810803005A1250 /* Project object */ = {
			isa = PBXProject;
			buildConfigurationList = 949E839C15810803005A1250 /* Build configuration list for PBXProject "UAV_Aiolos" */;
			compatibilityVersion = "Xcode 3.2";
			developmentRegion = English;
			hasScannedForEncodings = 0;
			knownRegions = (
				en,
			);
			mainGroup = 949E839715810803005A1250;
			productRefGroup = 949E83A315810803005A1250 /* Products */;
			projectDirPath = "";
			projectRoot = "";
			targets = (
				949E83A115810803005A1250 /* UAV_Aiolos */,
			);
		};
/* End PBXProject section */

/* Begin PBXSourcesBuildPhase section */
		949E839E15810803005A1250 /* Sources */ = {
			isa = PBXSourcesBuildPhase;
			buildActionMask = 2147483647;
			files = (
				949E83A715810803005A1250 /* main.cpp in Sources */,
				949E83B01581082D005A1250 /* UAV.cpp in Sources */,
			);
			runOnlyForDeploymentPostprocessing = 0;
		};
/* End PBXSourcesBuildPhase section */

/* Begin XCBuildConfiguration section */
		949E83A915810803005A1250 /* Debug */ = {
			isa = XCBuildConfiguration;
			buildSettings = {
				ARCHS = "$(ARCHS_STANDARD_32_64_BIT)";
				GCC_C_LANGUAGE_STANDARD = gnu99;
				GCC_OPTIMIZATION_LEVEL = 0;
				GCC_PREPROCESSOR_DEFINITIONS = DEBUG;
				GCC_SYMBOLS_PRIVATE_EXTERN = NO;
				GCC_VERSION = com.apple.compilers.llvm.clang.1_0;
				GCC_WARN_64_TO_32_BIT_CONVERSION = YES;
				GCC_WARN_ABOUT_RETURN_TYPE = YES;
				GCC_WARN_UNUSED_VARIABLE = YES;
				MACOSX_DEPLOYMENT_TARGET = 10.6;
				ONLY_ACTIVE_ARCH = YES;
				SDKROOT = macosx;
			};
			name = Debug;
		};
		949E83AA15810803005A1250 /* Release */ = {
			isa = XCBuildConfiguration;
			buildSettings = {
				ARCHS = "$(ARCHS_STANDARD_32_64_BIT)";
				GCC_C_LANGUAGE_STANDARD = gnu99;
				GCC_VERSION = com.apple.compilers.llvm.clang.1_0;
				GCC_WARN_64_TO_32_BIT_CONVERSION = YES;
				GCC_WARN_ABOUT_RETURN_TYPE = YES;
				GCC_WARN_UNUSED_VARIABLE = YES;
				MACOSX_DEPLOYMENT_TARGET = 10.6;
				SDKROOT = macosx;
			};
			name = Release;
		};
		949E83AC15810803005A1250 /* Debug */ = {
			isa = XCBuildConfiguration;
			buildSettings = {
				ALWAYS_SEARCH_USER_PATHS = NO;
				COPY_PHASE_STRIP = NO;
				GCC_DYNAMIC_NO_PIC = NO;
				GCC_ENABLE_OBJC_EXCEPTIONS = YES;
				PRODUCT_NAME = "$(TARGET_NAME)";
			};
			name = Debug;
		};
		949E83AD15810803005A1250 /* Release */ = {
			isa = XCBuildConfiguration;
			buildSettings = {
				ALWAYS_SEARCH_USER_PATHS = NO;
				COPY_PHASE_STRIP = YES;
				DEBUG_INFORMATION_FORMAT = "dwarf-with-dsym";
				GCC_ENABLE_OBJC_EXCEPTIONS = YES;
				PRODUCT_NAME = "$(TARGET_NAME)";
			};
			name = Release;
		};
/* End XCBuildConfiguration section */

/* Begin XCConfigurationList section */
		949E839C15810803005A1250 /* Build configuration list for PBXProject "UAV_Aiolos" */ = {
			isa = XCConfigurationList;
			buildConfigurations = (
				949E83A915810803005A1250 /* Debug */,
				949E83AA15810803005A1250 /* Release */,
			);
			defaultConfigurationIsVisible = 0;
			defaultConfigurationName = Release;
		};
		949E83AB15810803005A1250 /* Build configuration list for PBXNativeTarget "UAV_Aiolos" */ = {
			isa = XCConfigurationList;
			buildConfigurations = (
				949E83AC15810803005A1250 /* Debug */,
				949E83AD15810803005A1250 /* Release */,
			);
			defaultConfigurationIsVisible = 0;
		};
/* End XCConfigurationList section */
	};
	rootObject = 949E839915810803005A1250 /* Project object */;
}
